
Microsoft Visual Studio Solution File, Format Version 12.00
# Visual Studio 14
VisualStudioVersion = 14.0.25420.1
MinimumVisualStudioVersion = 10.0.40219.1
Project("{FAE04EC0-301F-11D3-BF4B-00C04F79EFBC}") = "Task4", "Task4\Task4.csproj", "{346AADCF-99D0-4760-A339-255DBCE44BFE}"
EndProject
Project("{FAE04EC0-301F-11D3-BF4B-00C04F79EFBC}") = "Task3.2", "Task3.2\Task3.2.csproj", "{67ED6E28-287A-4E63-8804-C9CB75F1DEAA}"
EndProject
Project("{FAE04EC0-301F-11D3-BF4B-00C04F79EFBC}") = "Task1.2", "Task1.2\Task1.2.csproj", "{0EF18602-A687-4C64-88A9-6234118203A9}"
EndProject
Global
	GlobalSection(SolutionConfigurationPlatforms) = preSolution
		Debug|Any CPU = Debug|Any CPU
		Release|Any CPU = Release|Any CPU
	EndGlobalSection
	GlobalSection(ProjectConfigurationPlatforms) = postSolution
		{346AADCF-99D0-4760-A339-255DBCE44BFE}.Debug|Any CPU.ActiveCfg = Debug|Any CPU
		{346AADCF-99D0-4760-A339-255DBCE44BFE}.Debug|Any CPU.Build.0 = Debug|Any CPU
		{346AADCF-99D0-4760-A339-255DBCE44BFE}.Release|Any CPU.ActiveCfg = Release|Any CPU
		{346AADCF-99D0-4760-A339-255DBCE44BFE}.Release|Any CPU.Build.0 = Release|Any CPU
		{67ED6E28-287A-4E63-8804-C9CB75F1DEAA}.Debug|Any CPU.ActiveCfg = Debug|Any CPU
		{67ED6E28-287A-4E63-8804-C9CB75F1DEAA}.Debug|Any CPU.Build.0 = Debug|Any CPU
		{67ED6E28-287A-4E63-8804-C9CB75F1DEAA}.Release|Any CPU.ActiveCfg = Release|Any CPU
		{67ED6E28-287A-4E63-8804-C9CB75F1DEAA}.Release|Any CPU.Build.0 = Release|Any CPU
		{0EF18602-A687-4C64-88A9-6234118203A9}.Debug|Any CPU.ActiveCfg = Debug|Any CPU
		{0EF18602-A687-4C64-88A9-6234118203A9}.Debug|Any CPU.Build.0 = Debug|Any CPU
		{0EF18602-A687-4C64-88A9-6234118203A9}.Release|Any CPU.ActiveCfg = Release|Any CPU
		{0EF18602-A687-4C64-88A9-6234118203A9}.Release|Any CPU.Build.0 = Release|Any CPU
	EndGlobalSection
	GlobalSection(SolutionProperties) = preSolution
		HideSolutionNode = FALSE
	EndGlobalSection
EndGlobal
